{
  "version": 4,
  "terraform_version": "0.15.4",
  "serial": 111,
  "lineage": "3e10d6c1-7c58-6d17-df94-784e8fc42b49",
  "outputs": {},
  "resources": [
    {
      "mode": "data",
      "type": "aws_ami",
      "name": "ubuntu",
      "provider": "provider[\"registry.terraform.io/hashicorp/aws\"]",
      "instances": [
        {
          "schema_version": 0,
          "attributes": {
            "architecture": "x86_64",
            "arn": "arn:aws:ec2:us-east-2::image/ami-04ea83ef6e494c1f2",
            "block_device_mappings": [
              {
                "device_name": "/dev/sda1",
                "ebs": {
                  "delete_on_termination": "true",
                  "encrypted": "false",
                  "iops": "0",
                  "snapshot_id": "snap-0022b5888897a77f1",
                  "throughput": "0",
                  "volume_size": "8",
                  "volume_type": "gp2"
                },
                "no_device": "",
                "virtual_name": ""
              },
              {
                "device_name": "/dev/sdb",
                "ebs": {},
                "no_device": "",
                "virtual_name": "ephemeral0"
              },
              {
                "device_name": "/dev/sdc",
                "ebs": {},
                "no_device": "",
                "virtual_name": "ephemeral1"
              }
            ],
            "creation_date": "2021-08-25T23:55:10.000Z",
            "description": "Canonical, Ubuntu, 20.04 LTS, amd64 focal image build on 2021-08-25",
            "ena_support": true,
            "executable_users": null,
            "filter": [
              {
                "name": "name",
                "values": [
                  "ubuntu/images/hvm-ssd/ubuntu-focal-20.04-amd64-server-*"
                ]
              },
              {
                "name": "virtualization-type",
                "values": [
                  "hvm"
                ]
              }
            ],
            "hypervisor": "xen",
            "id": "ami-04ea83ef6e494c1f2",
            "image_id": "ami-04ea83ef6e494c1f2",
            "image_location": "099720109477/ubuntu/images/hvm-ssd/ubuntu-focal-20.04-amd64-server-20210825",
            "image_owner_alias": null,
            "image_type": "machine",
            "kernel_id": null,
            "most_recent": true,
            "name": "ubuntu/images/hvm-ssd/ubuntu-focal-20.04-amd64-server-20210825",
            "name_regex": null,
            "owner_id": "099720109477",
            "owners": [
              "099720109477"
            ],
            "platform": null,
            "platform_details": "Linux/UNIX",
            "product_codes": [],
            "public": true,
            "ramdisk_id": null,
            "root_device_name": "/dev/sda1",
            "root_device_type": "ebs",
            "root_snapshot_id": "snap-0022b5888897a77f1",
            "sriov_net_support": "simple",
            "state": "available",
            "state_reason": {
              "code": "UNSET",
              "message": "UNSET"
            },
            "tags": {},
            "usage_operation": "RunInstances",
            "virtualization_type": "hvm"
          },
          "sensitive_attributes": []
        }
      ]
    },
    {
      "mode": "managed",
      "type": "aws_acm_certificate",
      "name": "vpn_client_cert",
      "provider": "provider[\"registry.terraform.io/hashicorp/aws\"]",
      "instances": [
        {
          "schema_version": 0,
          "attributes": {
            "arn": "arn:aws:acm:us-east-2:536867559799:certificate/3bed6444-f902-459a-a7b2-73f8ee317141",
            "certificate_authority_arn": "",
            "certificate_body": "Certificate:\n    Data:\n        Version: 3 (0x2)\n        Serial Number:\n            36:cd:7d:5a:87:44:a1:3d:6c:31:19:d8:5b:ff:7f:2a\n        Signature Algorithm: sha256WithRSAEncryption\n        Issuer: CN=Easy-RSA CA\n        Validity\n            Not Before: Sep  2 08:04:09 2021 GMT\n            Not After : Dec  6 08:04:09 2023 GMT\n        Subject: CN=client1.domain.tld\n        Subject Public Key Info:\n            Public Key Algorithm: rsaEncryption\n                RSA Public-Key: (2048 bit)\n                Modulus:\n                    00:bb:4e:44:8b:46:d5:10:b9:cc:ca:cd:5b:63:74:\n                    2a:99:e5:20:78:1f:ff:d1:b8:a5:24:7e:14:5b:a8:\n                    9b:62:63:1a:cb:ca:73:62:a1:b8:9f:d6:b2:5f:d4:\n                    50:d0:95:d4:c3:a4:a2:e6:b7:e7:85:60:b4:8d:de:\n                    39:9c:eb:c0:56:ae:42:5f:b4:07:fe:a5:bd:05:86:\n                    c1:1b:f2:51:fd:c5:3a:23:8b:fc:1a:2e:ec:f2:fd:\n                    f1:36:d3:c5:95:bb:66:46:92:76:0e:39:df:0b:85:\n                    47:2d:b4:85:1b:73:3c:d1:5b:17:28:c1:71:f2:3e:\n                    b3:4e:36:fe:6e:19:61:3d:20:24:a3:69:04:b9:2f:\n                    69:e5:74:3c:65:2f:de:a4:65:e0:55:9a:62:c9:35:\n                    69:7a:71:6a:0c:28:ef:2e:6d:7c:fa:39:b9:f0:10:\n                    da:a0:15:00:08:ba:05:6c:19:46:11:ce:5f:ad:82:\n                    e0:bb:a8:9f:75:b2:fb:b4:a6:5e:db:7a:ab:d3:40:\n                    8f:34:64:ac:dc:5f:fe:95:f5:92:e0:40:4b:92:bc:\n                    2a:c6:7d:ea:4f:2e:d2:c9:85:b9:0f:a9:30:ef:19:\n                    5c:3e:02:3c:36:cc:6b:11:13:6d:49:83:16:8e:89:\n                    3e:49:2e:b2:29:0d:42:2c:0e:98:a1:70:84:42:6c:\n                    f1:29\n                Exponent: 65537 (0x10001)\n        X509v3 extensions:\n            X509v3 Basic Constraints: \n                CA:FALSE\n            X509v3 Subject Key Identifier: \n                84:08:CC:A4:5B:13:39:CD:FB:47:85:6A:60:DC:12:3E:08:EB:42:2F\n            X509v3 Authority Key Identifier: \n                keyid:9F:BA:08:BD:A4:1B:C3:30:2A:C1:42:7A:40:AF:B4:99:B9:FE:BA:5A\n                DirName:/CN=Easy-RSA CA\n                serial:1B:EF:D3:D1:CB:8D:3D:CF:51:F1:EF:2F:BF:27:38:AE:F9:80:89:76\n\n            X509v3 Extended Key Usage: \n                TLS Web Client Authentication\n            X509v3 Key Usage: \n                Digital Signature\n    Signature Algorithm: sha256WithRSAEncryption\n         8a:a0:45:ef:ff:95:f4:b1:00:0e:33:38:c5:22:d8:ed:05:1c:\n         49:4e:cd:7b:be:95:3b:09:a8:f0:82:cc:3b:9e:7c:ea:a9:1e:\n         a9:18:a2:a8:85:d9:0f:0c:9a:a5:ab:37:69:b2:ed:47:aa:4c:\n         2f:31:cf:18:78:54:92:72:74:75:5f:f3:10:23:83:9c:6f:a1:\n         6b:65:19:dc:19:5b:e3:c6:3d:8d:63:4c:ac:ae:ed:41:db:12:\n         34:b6:ed:7f:21:9f:1f:b3:59:ff:5e:87:91:fb:6b:a7:ad:85:\n         39:f8:f1:87:b4:85:a4:4b:e7:d6:02:c5:b6:9d:2a:48:40:67:\n         d0:67:26:94:98:46:25:d8:00:d3:c3:63:e6:59:7f:f2:66:70:\n         a6:24:91:12:a8:92:1a:8c:09:35:b5:7e:36:ff:2a:4a:cb:f8:\n         15:76:89:e2:65:e6:3d:68:18:2c:a5:91:cd:05:35:e4:db:73:\n         eb:60:b5:94:6c:5c:f0:40:b4:7e:77:3e:1e:d3:50:95:7a:e6:\n         b5:93:bd:a8:f6:00:75:c7:80:0c:c9:5d:f4:a3:78:62:13:2f:\n         13:92:04:a4:45:5a:d1:28:32:a7:6f:41:2c:5f:e6:8b:14:33:\n         8c:58:c0:70:d0:70:7b:09:65:ab:6d:21:bb:c4:99:60:19:92:\n         53:69:2b:36\n-----BEGIN CERTIFICATE-----\nMIIDYDCCAkigAwIBAgIQNs19WodEoT1sMRnYW/9/KjANBgkqhkiG9w0BAQsFADAW\nMRQwEgYDVQQDDAtFYXN5LVJTQSBDQTAeFw0yMTA5MDIwODA0MDlaFw0yMzEyMDYw\nODA0MDlaMB0xGzAZBgNVBAMMEmNsaWVudDEuZG9tYWluLnRsZDCCASIwDQYJKoZI\nhvcNAQEBBQADggEPADCCAQoCggEBALtORItG1RC5zMrNW2N0KpnlIHgf/9G4pSR+\nFFuom2JjGsvKc2KhuJ/Wsl/UUNCV1MOkoua354VgtI3eOZzrwFauQl+0B/6lvQWG\nwRvyUf3FOiOL/Bou7PL98TbTxZW7ZkaSdg453wuFRy20hRtzPNFbFyjBcfI+s042\n/m4ZYT0gJKNpBLkvaeV0PGUv3qRl4FWaYsk1aXpxagwo7y5tfPo5ufAQ2qAVAAi6\nBWwZRhHOX62C4Luon3Wy+7SmXtt6q9NAjzRkrNxf/pX1kuBAS5K8KsZ96k8u0smF\nuQ+pMO8ZXD4CPDbMaxETbUmDFo6JPkkusikNQiwOmKFwhEJs8SkCAwEAAaOBojCB\nnzAJBgNVHRMEAjAAMB0GA1UdDgQWBBSECMykWxM5zftHhWpg3BI+COtCLzBRBgNV\nHSMESjBIgBSfugi9pBvDMCrBQnpAr7SZuf66WqEapBgwFjEUMBIGA1UEAwwLRWFz\neS1SU0EgQ0GCFBvv09HLjT3PUfHvL78nOK75gIl2MBMGA1UdJQQMMAoGCCsGAQUF\nBwMCMAsGA1UdDwQEAwIHgDANBgkqhkiG9w0BAQsFAAOCAQEAiqBF7/+V9LEADjM4\nxSLY7QUcSU7Ne76VOwmo8ILMO5586qkeqRiiqIXZDwyapas3abLtR6pMLzHPGHhU\nknJ0dV/zECODnG+ha2UZ3Blb48Y9jWNMrK7tQdsSNLbtfyGfH7NZ/16Hkftrp62F\nOfjxh7SFpEvn1gLFtp0qSEBn0GcmlJhGJdgA08Nj5ll/8mZwpiSREqiSGowJNbV+\nNv8qSsv4FXaJ4mXmPWgYLKWRzQU15Ntz62C1lGxc8EC0fnc+HtNQlXrmtZO9qPYA\ndceADMld9KN4YhMvE5IEpEVa0Sgyp29BLF/mixQzjFjAcNBwewllq20hu8SZYBmS\nU2krNg==\n-----END CERTIFICATE-----\n",
            "certificate_chain": "-----BEGIN CERTIFICATE-----\nMIIDSzCCAjOgAwIBAgIUG+/T0cuNPc9R8e8vvyc4rvmAiXYwDQYJKoZIhvcNAQEL\nBQAwFjEUMBIGA1UEAwwLRWFzeS1SU0EgQ0EwHhcNMjEwOTAyMDgwMzI5WhcNMzEw\nODMxMDgwMzI5WjAWMRQwEgYDVQQDDAtFYXN5LVJTQSBDQTCCASIwDQYJKoZIhvcN\nAQEBBQADggEPADCCAQoCggEBALX6PPaFPTNVUc2tgQuCsXUd6h7/LQcOpxH/CdOM\nmL8T7x5ZG0skxaaffe273O62qFayUd05vngqTFb0Gnb28nZLqowPc7tv/XCsr6QJ\nVIAkkjcUCgCi6IULJbMYauXNsqYz5Y0SGt6e+X73A84rHAmyFOTK0+5psjm7Tu96\nWaSHf4Inf2LWcuZzAGl5xMPniqrDQfgVjx3MQedLeGXP2FEJNCl7/b9Hb8TeNAL1\nKZTSVVtBCOOcaygIQIBeUqHTgP6cpOnka6t+OSBMsIpa7mz7sTAxPfBymVuixjLv\n6CS2zbYsyUcgY8A3oaxHoCyE9RUZ29CijMVyxCH2T9l26mECAwEAAaOBkDCBjTAd\nBgNVHQ4EFgQUn7oIvaQbwzAqwUJ6QK+0mbn+ulowUQYDVR0jBEowSIAUn7oIvaQb\nwzAqwUJ6QK+0mbn+ulqhGqQYMBYxFDASBgNVBAMMC0Vhc3ktUlNBIENBghQb79PR\ny409z1Hx7y+/Jziu+YCJdjAMBgNVHRMEBTADAQH/MAsGA1UdDwQEAwIBBjANBgkq\nhkiG9w0BAQsFAAOCAQEAiOt1YUI6jA1Pp8GckPpa12b2XmX0Z5o3SBdNMHcqVrOQ\nkf1qIWkq9worrgYZ7g4cG1lvSR06PMsrDPNBzXf7hFt399ZR4QcKvCtdKUazVxdh\n80qiITsdesbq1PLd+++u+8Z88ZL+djxSp6UX+gy+8vH4horpVkm3Ud+aXXqA5L8D\nMyG0Y+Ti+XqKyPleMVBgoissZUF4Gg2QpxCvx36VW3BZDiuPxe9hG5tDCtvIeoek\nOwNg92fS+J95J5x/WHnqeeF4MfbuunFLAPnW1rH+3+zWq0qMpkVViJLd9MNRoyRV\npz8n2OkJTecudCZSQ5ibOpLCeTZuQsPM7wCbY22AEw==\n-----END CERTIFICATE-----\n",
            "domain_name": "client1.domain.tld",
            "domain_validation_options": [],
            "id": "arn:aws:acm:us-east-2:536867559799:certificate/3bed6444-f902-459a-a7b2-73f8ee317141",
            "options": [
              {
                "certificate_transparency_logging_preference": "DISABLED"
              }
            ],
            "private_key": "-----BEGIN PRIVATE KEY-----\nMIIEvQIBADANBgkqhkiG9w0BAQEFAASCBKcwggSjAgEAAoIBAQC7TkSLRtUQuczK\nzVtjdCqZ5SB4H//RuKUkfhRbqJtiYxrLynNiobif1rJf1FDQldTDpKLmt+eFYLSN\n3jmc68BWrkJftAf+pb0FhsEb8lH9xToji/waLuzy/fE208WVu2ZGknYOOd8LhUct\ntIUbczzRWxcowXHyPrNONv5uGWE9ICSjaQS5L2nldDxlL96kZeBVmmLJNWl6cWoM\nKO8ubXz6ObnwENqgFQAIugVsGUYRzl+tguC7qJ91svu0pl7beqvTQI80ZKzcX/6V\n9ZLgQEuSvCrGfepPLtLJhbkPqTDvGVw+Ajw2zGsRE21JgxaOiT5JLrIpDUIsDpih\ncIRCbPEpAgMBAAECggEBAKKk2AhIvYMEk7wWjiDSIpv3xjYJM06dE2mYwXzF8AeD\nHyWO6pre6z6AY+uqpXI6aMJqF7pYPwYmbyIxsb19SUr7jk8kOTz6FiTSWqU1ydSe\nilmLmKHz1XU65VZClfPrAmiNjU3VGsUaOjCJ7HtlmY4Blx6gu50qrPBh+JUKHNHB\nthU7nNrG27ycduKrwYuIJNP8+VLGWQBsfl/VSwcaXLrn7+8C0aZUkKHbfx1A9oHS\nwoUVZwtSqOiRGeMTsL8OSd0Ta/ULa+K8eNyL4xvSOHkbXT72YRQOB9nc3B0ulWf+\nlUEBlVDKUOjNXASvYhICvSPnvsUQX04f1B0l1Ya/JAECgYEA7O53I4WtQGtcLXEB\nK4xd1+kb6Iv/uVP9f0SC5wAcZNctQ1LWbtqPWe0yoaYCROCeLkINyEshnHRc0oJC\nBvHlCCwmId/5ZdpPlrfjTyXUv0FgM2LLrgxuM1WbA4RAJHWK/DQUSwGr4dWqrz73\nXD7giSeDpNp6jeZ0Uk6SNIleEMkCgYEAymFa9HrfruwoIRh7epP78HknWEkfid1W\nLbKrSpOro/+LKfuO4bLja4a8fEvSEiXdRn3LKPRqWKjw866Y3lnVzTQiUl9qiRJ5\nFBCmI/PCyA+OW1p3jpJ4O82BauoZs6UjNy0mG+DmJ/FV+JD7OVMAk2q81gIDPJnR\neFeumPALbWECgYAkYU1b3/fFT3bc52Alnqz+LSYC5BRFEbd35j4vWB4EAeJKVxrj\n9J1UUo6WsZXhm5fORIg3PAoSKu/hxux6goQHaDgGtYxm7kmQO/YkPgvXviMWYNIj\njHcTXM6rkJAEySOpLBn9lmkdCSDnPcTfniv+A1o8Yuu0hDFSPgxHEtyluQKBgFq0\naaybibd/lrjGnUkiHE/6LP0vwNfsgNx4cLc7GjmlpfzKB472u2ENAVuALAYAPH2E\nkdKoQSW9ikjdXxyBDQcsr5lVtIz835FzqNMCRLGf70DYei9HTGYZREDj7WMLx43K\nSYNDOER8sPh4GnDl16M6uqn8OvElS7HxMorPQ3/hAoGAL23ijoLpSJXm6soV5aOr\nQxlAlgBecSPijV6Q/xp6h5lTVCfyJ2ajQDx7yO3jbdxM+k8jvkkrW38dYlU9MzU9\ngAMTY+ojtUrgWxbEMO05nL+0tLo9vnDSon7Ics+I7P1v5AeC01JnU1CJTArhEFxO\ndO6kSiPQ0ZViu6118H6qkHU=\n-----END PRIVATE KEY-----\n",
            "status": "ISSUED",
            "subject_alternative_names": [],
            "tags": {},
            "tags_all": {},
            "validation_emails": [],
            "validation_method": "NONE"
          },
          "sensitive_attributes": [],
          "private": "bnVsbA=="
        }
      ]
    },
    {
      "mode": "managed",
      "type": "aws_acm_certificate",
      "name": "vpn_server_cert",
      "provider": "provider[\"registry.terraform.io/hashicorp/aws\"]",
      "instances": [
        {
          "schema_version": 0,
          "attributes": {
            "arn": "arn:aws:acm:us-east-2:536867559799:certificate/d3428945-2087-4b59-b3e9-842a7d129975",
            "certificate_authority_arn": "",
            "certificate_body": "Certificate:\n    Data:\n        Version: 3 (0x2)\n        Serial Number:\n            bc:92:27:a5:db:f2:27:b9:99:13:0e:39:e8:f3:e7:24\n        Signature Algorithm: sha256WithRSAEncryption\n        Issuer: CN=Easy-RSA CA\n        Validity\n            Not Before: Sep  2 08:03:47 2021 GMT\n            Not After : Dec  6 08:03:47 2023 GMT\n        Subject: CN=server\n        Subject Public Key Info:\n            Public Key Algorithm: rsaEncryption\n                RSA Public-Key: (2048 bit)\n                Modulus:\n                    00:a9:00:0a:93:3a:2e:7a:0f:86:30:ae:85:79:aa:\n                    fe:06:87:d0:0b:67:b1:20:10:cd:88:ce:15:77:dd:\n                    5d:23:3e:73:e3:cb:24:ea:5b:36:03:77:fb:f9:63:\n                    93:36:14:7e:b7:c6:cd:5f:8e:01:5c:0a:a8:84:09:\n                    46:e1:8f:10:5b:78:cc:ea:3c:cb:9a:ef:c5:42:bc:\n                    f9:e0:79:3a:40:cd:c7:c9:74:85:bb:7b:4d:04:d7:\n                    2d:fe:5b:4a:e6:ff:b9:3d:4b:1e:e4:ee:0b:66:3c:\n                    17:db:6f:71:23:e5:64:30:33:c8:f9:d9:f8:1d:f6:\n                    9f:6f:78:c0:05:28:68:fd:c4:ff:3a:24:1c:f4:08:\n                    60:fa:a4:e5:43:b0:3a:d1:89:68:c2:02:f8:93:2a:\n                    e5:7c:f5:63:d0:3a:0d:92:26:32:02:cc:e1:e4:ea:\n                    56:06:b9:d9:73:c3:f1:4f:de:59:1c:e2:57:64:78:\n                    d9:b1:d2:39:2e:2e:2d:6e:14:dd:c9:2e:c3:74:6c:\n                    a4:92:0e:64:45:e3:a4:66:d2:3a:98:9b:40:03:14:\n                    db:7c:1c:e9:f7:f3:cb:96:ab:ef:4c:8b:a3:1c:60:\n                    e3:7a:68:7c:fb:c7:c3:d9:16:82:8a:2e:0f:29:74:\n                    f0:78:a4:c6:c3:d7:1b:30:a0:fe:23:a5:6e:5f:ed:\n                    57:01\n                Exponent: 65537 (0x10001)\n        X509v3 extensions:\n            X509v3 Basic Constraints: \n                CA:FALSE\n            X509v3 Subject Key Identifier: \n                CF:FC:29:0A:22:9A:CC:1F:EE:10:44:F2:69:69:6F:9C:38:53:5B:6A\n            X509v3 Authority Key Identifier: \n                keyid:9F:BA:08:BD:A4:1B:C3:30:2A:C1:42:7A:40:AF:B4:99:B9:FE:BA:5A\n                DirName:/CN=Easy-RSA CA\n                serial:1B:EF:D3:D1:CB:8D:3D:CF:51:F1:EF:2F:BF:27:38:AE:F9:80:89:76\n\n            X509v3 Extended Key Usage: \n                TLS Web Server Authentication\n            X509v3 Key Usage: \n                Digital Signature, Key Encipherment\n            X509v3 Subject Alternative Name: \n                DNS:server\n    Signature Algorithm: sha256WithRSAEncryption\n         b2:2e:6d:9d:c9:65:74:4b:0f:2d:a1:c9:e5:99:fd:22:6a:05:\n         44:0c:57:ed:27:f5:af:e9:57:77:c9:6f:61:f0:9b:35:83:d2:\n         a0:79:ba:50:ac:39:06:65:31:6b:ab:b1:9a:f8:10:80:0b:10:\n         ab:fe:89:31:2b:a3:08:ac:fe:6b:a5:75:3d:fd:6e:69:22:0b:\n         18:be:36:93:5b:56:3b:3f:ee:b1:2c:f1:14:c4:c9:40:aa:68:\n         a0:d2:d5:ac:ac:be:a7:73:38:1e:aa:af:d7:34:cc:bc:fe:fb:\n         7c:73:44:d4:3b:dc:2e:1e:34:b3:65:ca:94:6f:5a:5f:7c:c6:\n         1e:e1:c5:a8:bd:9d:cf:4d:ff:1c:db:a2:14:db:f7:de:2d:99:\n         79:21:57:d6:61:1e:5e:6e:6c:03:85:24:f8:69:cf:b6:5e:2e:\n         aa:ec:7a:b4:c1:77:bf:a3:dc:f1:d5:59:75:09:5d:d2:ba:0b:\n         05:03:65:b4:f9:94:e3:f2:45:df:31:1e:c3:da:65:3e:6d:ac:\n         ef:b7:8c:f3:44:f1:93:31:e8:ee:0e:66:fc:9c:4a:a6:77:f8:\n         3a:c3:53:f3:6e:79:93:41:96:5d:a5:50:e7:2d:95:ec:88:35:\n         85:d2:92:26:7a:75:8e:ee:67:99:74:27:57:a4:de:50:99:0f:\n         30:25:b3:32\n-----BEGIN CERTIFICATE-----\nMIIDaDCCAlCgAwIBAgIRALySJ6Xb8ie5mRMOOejz5yQwDQYJKoZIhvcNAQELBQAw\nFjEUMBIGA1UEAwwLRWFzeS1SU0EgQ0EwHhcNMjEwOTAyMDgwMzQ3WhcNMjMxMjA2\nMDgwMzQ3WjARMQ8wDQYDVQQDDAZzZXJ2ZXIwggEiMA0GCSqGSIb3DQEBAQUAA4IB\nDwAwggEKAoIBAQCpAAqTOi56D4YwroV5qv4Gh9ALZ7EgEM2IzhV33V0jPnPjyyTq\nWzYDd/v5Y5M2FH63xs1fjgFcCqiECUbhjxBbeMzqPMua78VCvPngeTpAzcfJdIW7\ne00E1y3+W0rm/7k9Sx7k7gtmPBfbb3Ej5WQwM8j52fgd9p9veMAFKGj9xP86JBz0\nCGD6pOVDsDrRiWjCAviTKuV89WPQOg2SJjICzOHk6lYGudlzw/FP3lkc4ldkeNmx\n0jkuLi1uFN3JLsN0bKSSDmRF46Rm0jqYm0ADFNt8HOn388uWq+9Mi6McYON6aHz7\nx8PZFoKKLg8pdPB4pMbD1xswoP4jpW5f7VcBAgMBAAGjgbUwgbIwCQYDVR0TBAIw\nADAdBgNVHQ4EFgQUz/wpCiKazB/uEETyaWlvnDhTW2owUQYDVR0jBEowSIAUn7oI\nvaQbwzAqwUJ6QK+0mbn+ulqhGqQYMBYxFDASBgNVBAMMC0Vhc3ktUlNBIENBghQb\n79PRy409z1Hx7y+/Jziu+YCJdjATBgNVHSUEDDAKBggrBgEFBQcDATALBgNVHQ8E\nBAMCBaAwEQYDVR0RBAowCIIGc2VydmVyMA0GCSqGSIb3DQEBCwUAA4IBAQCyLm2d\nyWV0Sw8tocnlmf0iagVEDFftJ/Wv6Vd3yW9h8Js1g9KgebpQrDkGZTFrq7Ga+BCA\nCxCr/okxK6MIrP5rpXU9/W5pIgsYvjaTW1Y7P+6xLPEUxMlAqmig0tWsrL6nczge\nqq/XNMy8/vt8c0TUO9wuHjSzZcqUb1pffMYe4cWovZ3PTf8c26IU2/feLZl5IVfW\nYR5ebmwDhST4ac+2Xi6q7Hq0wXe/o9zx1Vl1CV3SugsFA2W0+ZTj8kXfMR7D2mU+\nbazvt4zzRPGTMejuDmb8nEqmd/g6w1PzbnmTQZZdpVDnLZXsiDWF0pImenWO7meZ\ndCdXpN5QmQ8wJbMy\n-----END CERTIFICATE-----\n",
            "certificate_chain": "-----BEGIN CERTIFICATE-----\nMIIDSzCCAjOgAwIBAgIUG+/T0cuNPc9R8e8vvyc4rvmAiXYwDQYJKoZIhvcNAQEL\nBQAwFjEUMBIGA1UEAwwLRWFzeS1SU0EgQ0EwHhcNMjEwOTAyMDgwMzI5WhcNMzEw\nODMxMDgwMzI5WjAWMRQwEgYDVQQDDAtFYXN5LVJTQSBDQTCCASIwDQYJKoZIhvcN\nAQEBBQADggEPADCCAQoCggEBALX6PPaFPTNVUc2tgQuCsXUd6h7/LQcOpxH/CdOM\nmL8T7x5ZG0skxaaffe273O62qFayUd05vngqTFb0Gnb28nZLqowPc7tv/XCsr6QJ\nVIAkkjcUCgCi6IULJbMYauXNsqYz5Y0SGt6e+X73A84rHAmyFOTK0+5psjm7Tu96\nWaSHf4Inf2LWcuZzAGl5xMPniqrDQfgVjx3MQedLeGXP2FEJNCl7/b9Hb8TeNAL1\nKZTSVVtBCOOcaygIQIBeUqHTgP6cpOnka6t+OSBMsIpa7mz7sTAxPfBymVuixjLv\n6CS2zbYsyUcgY8A3oaxHoCyE9RUZ29CijMVyxCH2T9l26mECAwEAAaOBkDCBjTAd\nBgNVHQ4EFgQUn7oIvaQbwzAqwUJ6QK+0mbn+ulowUQYDVR0jBEowSIAUn7oIvaQb\nwzAqwUJ6QK+0mbn+ulqhGqQYMBYxFDASBgNVBAMMC0Vhc3ktUlNBIENBghQb79PR\ny409z1Hx7y+/Jziu+YCJdjAMBgNVHRMEBTADAQH/MAsGA1UdDwQEAwIBBjANBgkq\nhkiG9w0BAQsFAAOCAQEAiOt1YUI6jA1Pp8GckPpa12b2XmX0Z5o3SBdNMHcqVrOQ\nkf1qIWkq9worrgYZ7g4cG1lvSR06PMsrDPNBzXf7hFt399ZR4QcKvCtdKUazVxdh\n80qiITsdesbq1PLd+++u+8Z88ZL+djxSp6UX+gy+8vH4horpVkm3Ud+aXXqA5L8D\nMyG0Y+Ti+XqKyPleMVBgoissZUF4Gg2QpxCvx36VW3BZDiuPxe9hG5tDCtvIeoek\nOwNg92fS+J95J5x/WHnqeeF4MfbuunFLAPnW1rH+3+zWq0qMpkVViJLd9MNRoyRV\npz8n2OkJTecudCZSQ5ibOpLCeTZuQsPM7wCbY22AEw==\n-----END CERTIFICATE-----\n",
            "domain_name": "server",
            "domain_validation_options": [],
            "id": "arn:aws:acm:us-east-2:536867559799:certificate/d3428945-2087-4b59-b3e9-842a7d129975",
            "options": [
              {
                "certificate_transparency_logging_preference": "DISABLED"
              }
            ],
            "private_key": "-----BEGIN PRIVATE KEY-----\nMIIEvwIBADANBgkqhkiG9w0BAQEFAASCBKkwggSlAgEAAoIBAQCpAAqTOi56D4Yw\nroV5qv4Gh9ALZ7EgEM2IzhV33V0jPnPjyyTqWzYDd/v5Y5M2FH63xs1fjgFcCqiE\nCUbhjxBbeMzqPMua78VCvPngeTpAzcfJdIW7e00E1y3+W0rm/7k9Sx7k7gtmPBfb\nb3Ej5WQwM8j52fgd9p9veMAFKGj9xP86JBz0CGD6pOVDsDrRiWjCAviTKuV89WPQ\nOg2SJjICzOHk6lYGudlzw/FP3lkc4ldkeNmx0jkuLi1uFN3JLsN0bKSSDmRF46Rm\n0jqYm0ADFNt8HOn388uWq+9Mi6McYON6aHz7x8PZFoKKLg8pdPB4pMbD1xswoP4j\npW5f7VcBAgMBAAECggEAH9zGIaPih1jN7/e3aoz2f7yzWLMgDe+dEKHqIkM2ACMS\nLmxqdVTlBhplA0vmwVdz3Ko6pj1bvEK2Ks6k8nnKl7Razf7QVFHIWyDN66hvdzBU\n7oJthD9m8fav0TjdElg8UHYNSRQoSgoiZVjJd/8TuJLK3XBe+yc4QAgAC/jmcpGX\nKneYgkvCC+8qDXso+g4DIonVAM05ExCX8upKg/1I1dWPWzdwHULVyUTVq0vavk07\ngKzqOeKcML3JraWjEPLPm/WKkNwZIDRfOV3e1kV9gXumaLuTOhhv8itGlZwb2Dtw\njtqzHQ3AXn2XJpd6mN8FhBzz5cp1rDKHyXht8jXaEQKBgQDUQuXAOMjRw6qTlOCR\nWjBju/PGnX3qRdJjevppVGqI3oTTRuKBDUuRtaLgjzTDqJtBeHnPtpAVDI8+G3E4\nenmbPlUcw2+HZ0/kpzv21Ei6lklIryDOro91JyHkbEXz9KQdfdnjNFd5ixJUb8pn\nF2cj5XcgWZf1N2wt6rQ+Mk5I1wKBgQDL0w2R+w5oWlcY+7GcQ5JtWf3NC+xCO6kH\nuBJcwYILsrGILa1t8lNIZ04Wokx5JjXPcFapCvy7ZCDVEDAahYglATGqpcp/IcHs\nDOLra2QYYhSWmuMpgau7vMtqPxui9zAJJoHMFtCPqnbDBnHi54FxWQgwwkstIOYq\nY93j9i6r5wKBgQCiSwgaAhDh+gZpUvKlkFzhVOseWHrW7k3fzD683FOclO7gEBnN\nbJn0Lfn8UuKYG0miNHiGreLahUDczuSxt0tVvMIc/P1AfWijvo5luohlSdV8opKm\nFOgRPjt2yKZv0gTNm9VGGFYt03zPXK5YRpeQ5blA3eAHGTo4nXT0/UfH/wKBgQDK\njwJLcz7MQguQzoGiFB0vA2IRJqoy4GuJOks1VzHQQlPgS9SxEUPnDpMyNzTcqTaM\n4s2czUiBSm6+j4nesZmtfNRJDN6DHZ9E4UGaSG1/NenUCjV7CF0NBAD7o5/pgtKA\nJX6Uvo+iVvwTsRH5N60SYjKbklt3i9xxgDIB3KRhPQKBgQCa1Pj7HlZMsPucinsY\nTn14GkKjFsIEzV6bLFaDbzRL/8S8dDIURmvA1GyYlCgJ+YMy8D6KCVEOWSWlVW0O\n0rf1NoMCImYKyVfK1G6JfpjFcoQSt3F6w4Uz3YaH4BTRIXBQTOsUZx6HqME70AOv\nCxEaHZfYuaNG7gt0Q4NXQ9N1sw==\n-----END PRIVATE KEY-----\n",
            "status": "ISSUED",
            "subject_alternative_names": [],
            "tags": {},
            "tags_all": {},
            "validation_emails": [],
            "validation_method": "NONE"
          },
          "sensitive_attributes": [],
          "private": "bnVsbA=="
        }
      ]
    },
    {
      "mode": "managed",
      "type": "aws_ec2_client_vpn_authorization_rule",
      "name": "vpn_auth_rule",
      "provider": "provider[\"registry.terraform.io/hashicorp/aws\"]",
      "instances": [
        {
          "schema_version": 0,
          "attributes": {
            "access_group_id": "",
            "authorize_all_groups": true,
            "client_vpn_endpoint_id": "cvpn-endpoint-0b47cbf044fe12d68",
            "description": "",
            "id": "cvpn-endpoint-0b47cbf044fe12d68,172.31.64.0/19",
            "target_network_cidr": "172.31.64.0/19"
          },
          "sensitive_attributes": [],
          "private": "bnVsbA==",
          "dependencies": [
            "aws_vpc.netology-vpc",
            "aws_acm_certificate.vpn_client_cert",
            "aws_acm_certificate.vpn_server_cert",
            "aws_ec2_client_vpn_endpoint.vpn-ep",
            "aws_subnet.private"
          ]
        }
      ]
    },
    {
      "mode": "managed",
      "type": "aws_ec2_client_vpn_endpoint",
      "name": "vpn-ep",
      "provider": "provider[\"registry.terraform.io/hashicorp/aws\"]",
      "instances": [
        {
          "schema_version": 0,
          "attributes": {
            "arn": "arn:aws:ec2:us-east-2:536867559799:client-vpn-endpoint/cvpn-endpoint-0b47cbf044fe12d68",
            "authentication_options": [
              {
                "active_directory_id": "",
                "root_certificate_chain_arn": "arn:aws:acm:us-east-2:536867559799:certificate/3bed6444-f902-459a-a7b2-73f8ee317141",
                "saml_provider_arn": "",
                "type": "certificate-authentication"
              }
            ],
            "client_cidr_block": "10.0.0.0/22",
            "connection_log_options": [
              {
                "cloudwatch_log_group": "",
                "cloudwatch_log_stream": "",
                "enabled": false
              }
            ],
            "description": "vpn-ep",
            "dns_name": "*.cvpn-endpoint-0b47cbf044fe12d68.prod.clientvpn.us-east-2.amazonaws.com",
            "dns_servers": [],
            "id": "cvpn-endpoint-0b47cbf044fe12d68",
            "server_certificate_arn": "arn:aws:acm:us-east-2:536867559799:certificate/d3428945-2087-4b59-b3e9-842a7d129975",
            "split_tunnel": true,
            "status": "available",
            "tags": {},
            "tags_all": {},
            "transport_protocol": "udp"
          },
          "sensitive_attributes": [],
          "private": "bnVsbA==",
          "dependencies": [
            "aws_acm_certificate.vpn_client_cert",
            "aws_acm_certificate.vpn_server_cert"
          ]
        }
      ]
    },
    {
      "mode": "managed",
      "type": "aws_ec2_client_vpn_network_association",
      "name": "vpn_subnets",
      "provider": "provider[\"registry.terraform.io/hashicorp/aws\"]",
      "instances": [
        {
          "schema_version": 0,
          "attributes": {
            "association_id": "cvpn-assoc-03836640814f2d5a2",
            "client_vpn_endpoint_id": "cvpn-endpoint-0b47cbf044fe12d68",
            "id": "cvpn-assoc-03836640814f2d5a2",
            "security_groups": [
              "sg-0eaaacc4fed3892e7"
            ],
            "status": "associated",
            "subnet_id": "subnet-0a493637a5f2bd1a5",
            "vpc_id": "vpc-0eb86a18e15b9054a"
          },
          "sensitive_attributes": [],
          "private": "bnVsbA==",
          "dependencies": [
            "aws_acm_certificate.vpn_client_cert",
            "aws_acm_certificate.vpn_server_cert",
            "aws_ec2_client_vpn_endpoint.vpn-ep",
            "aws_security_group.vpn_access",
            "aws_subnet.private",
            "aws_vpc.netology-vpc"
          ]
        }
      ]
    },
    {
      "mode": "managed",
      "type": "aws_eip",
      "name": "nat_gateway",
      "provider": "provider[\"registry.terraform.io/hashicorp/aws\"]",
      "instances": [
        {
          "schema_version": 0,
          "attributes": {
            "address": null,
            "allocation_id": null,
            "associate_with_private_ip": null,
            "association_id": "eipassoc-0318d48238515f255",
            "carrier_ip": "",
            "customer_owned_ip": "",
            "customer_owned_ipv4_pool": "",
            "domain": "vpc",
            "id": "eipalloc-0a227c4f518ea2202",
            "instance": "",
            "network_border_group": "us-east-2",
            "network_interface": "eni-00a3a52beb2cf2060",
            "private_dns": "ip-172-31-55-21.us-east-2.compute.internal",
            "private_ip": "172.31.55.21",
            "public_dns": "ec2-3-130-5-61.us-east-2.compute.amazonaws.com",
            "public_ip": "3.130.5.61",
            "public_ipv4_pool": "amazon",
            "tags": {},
            "tags_all": {},
            "timeouts": null,
            "vpc": true
          },
          "sensitive_attributes": [],
          "private": "eyJlMmJmYjczMC1lY2FhLTExZTYtOGY4OC0zNDM2M2JjN2M0YzAiOnsiZGVsZXRlIjoxODAwMDAwMDAwMDAsInJlYWQiOjkwMDAwMDAwMDAwMCwidXBkYXRlIjozMDAwMDAwMDAwMDB9fQ=="
        }
      ]
    },
    {
      "mode": "managed",
      "type": "aws_instance",
      "name": "vm2",
      "provider": "provider[\"registry.terraform.io/hashicorp/aws\"]",
      "instances": [
        {
          "index_key": 0,
          "schema_version": 1,
          "attributes": {
            "ami": "ami-04ea83ef6e494c1f2",
            "arn": "arn:aws:ec2:us-east-2:536867559799:instance/i-0865da6e4517ac12e",
            "associate_public_ip_address": false,
            "availability_zone": "us-east-2c",
            "capacity_reservation_specification": [
              {
                "capacity_reservation_preference": "open",
                "capacity_reservation_target": []
              }
            ],
            "cpu_core_count": 1,
            "cpu_threads_per_core": 1,
            "credit_specification": [
              {
                "cpu_credits": "standard"
              }
            ],
            "disable_api_termination": false,
            "ebs_block_device": [],
            "ebs_optimized": false,
            "enclave_options": [
              {
                "enabled": false
              }
            ],
            "ephemeral_block_device": [],
            "get_password_data": false,
            "hibernation": false,
            "host_id": null,
            "iam_instance_profile": "",
            "id": "i-0865da6e4517ac12e",
            "instance_initiated_shutdown_behavior": "stop",
            "instance_state": "running",
            "instance_type": "t2.micro",
            "ipv6_address_count": 0,
            "ipv6_addresses": [],
            "key_name": "vm2-key",
            "launch_template": [],
            "metadata_options": [
              {
                "http_endpoint": "enabled",
                "http_put_response_hop_limit": 1,
                "http_tokens": "optional"
              }
            ],
            "monitoring": false,
            "network_interface": [],
            "outpost_arn": "",
            "password_data": "",
            "placement_group": "",
            "primary_network_interface_id": "eni-025444b21d237cde5",
            "private_dns": "ip-172-31-82-197.us-east-2.compute.internal",
            "private_ip": "172.31.82.197",
            "public_dns": "",
            "public_ip": "",
            "root_block_device": [
              {
                "delete_on_termination": true,
                "device_name": "/dev/sda1",
                "encrypted": false,
                "iops": 100,
                "kms_key_id": "",
                "tags": {},
                "throughput": 0,
                "volume_id": "vol-0803144a84983c936",
                "volume_size": 8,
                "volume_type": "gp2"
              }
            ],
            "secondary_private_ips": [],
            "security_groups": [
              "sg-0a0b15d9f06f10bde"
            ],
            "source_dest_check": true,
            "subnet_id": "subnet-0a493637a5f2bd1a5",
            "tags": {
              "Name": "vm2"
            },
            "tags_all": {
              "Name": "vm2"
            },
            "tenancy": "default",
            "timeouts": null,
            "user_data": null,
            "user_data_base64": null,
            "volume_tags": null,
            "vpc_security_group_ids": [
              "sg-0a0b15d9f06f10bde"
            ]
          },
          "sensitive_attributes": [],
          "private": "eyJlMmJmYjczMC1lY2FhLTExZTYtOGY4OC0zNDM2M2JjN2M0YzAiOnsiY3JlYXRlIjo2MDAwMDAwMDAwMDAsImRlbGV0ZSI6MTIwMDAwMDAwMDAwMCwidXBkYXRlIjo2MDAwMDAwMDAwMDB9LCJzY2hlbWFfdmVyc2lvbiI6IjEifQ==",
          "dependencies": [
            "aws_key_pair.vm2-key",
            "aws_security_group.netology-sg",
            "aws_subnet.private",
            "data.aws_ami.ubuntu"
          ]
        }
      ]
    },
    {
      "mode": "managed",
      "type": "aws_internet_gateway",
      "name": "netology-gw",
      "provider": "provider[\"registry.terraform.io/hashicorp/aws\"]",
      "instances": [
        {
          "schema_version": 0,
          "attributes": {
            "arn": "arn:aws:ec2:us-east-2:536867559799:internet-gateway/igw-0af7378c85a2743f4",
            "id": "igw-0af7378c85a2743f4",
            "owner_id": "536867559799",
            "tags": {
              "Name": "netology-gw"
            },
            "tags_all": {
              "Name": "netology-gw"
            },
            "vpc_id": "vpc-0eb86a18e15b9054a"
          },
          "sensitive_attributes": [],
          "private": "bnVsbA==",
          "dependencies": [
            "aws_vpc.netology-vpc"
          ]
        }
      ]
    },
    {
      "mode": "managed",
      "type": "aws_key_pair",
      "name": "vm1-key",
      "provider": "provider[\"registry.terraform.io/hashicorp/aws\"]",
      "instances": [
        {
          "schema_version": 1,
          "attributes": {
            "arn": "arn:aws:ec2:us-east-2:536867559799:key-pair/vm1-key",
            "fingerprint": "b1:e6:70:b9:03:f8:1d:b4:7a:0c:1b:56:4a:f7:a2:24",
            "id": "vm1-key",
            "key_name": "vm1-key",
            "key_name_prefix": null,
            "key_pair_id": "key-0d9c3767f4a26eee5",
            "public_key": "ssh-rsa AAAAB3NzaC1yc2EAAAADAQABAAABgQC9YYUH7NOHclUCeKsnLvh6D/pylINb56GEZ16b6AsWcp+D9WFg5mkO26wdPHNaUZWrzamZAhhF0UXtqsQn98ebwQRnX7Ox5OAntLnHk5Q/n4CS2yFH9mvQ9/0aAvLKHb2Wc2ZyLPfwwUMNUQR6go8w301OxGaTM9GzeLGOX6P9AkUKYeAWmwJ9WE4dPgm8nhgk1SwpREU8IioKiWdL8XNLMoODFl7o+N2FgGl39cZaIMWN5XmZl1hzs4BfXLUTSYzR3BZsgygXjucdUPHvfDKCotjudmOnm330d4VDivXYSdPJmJuXJGiqFiI4PKyLerFuSkBEV0ExRmXmuH6alodcFIXo979i6FAAI4GjwuihA4hZKGjMPZIGzx2ojCpPfDj9E+e0D8NMKAt5DTPjdgXY0NSByDGEyf8JBPVWA6csIWeuwTGsI/bw0xAJOH5wfU/eiuz5pjd2zga6ZDFUDK3cvJ7uYehg5xPbc2xX/TZch6OVOFk6B8MoxYyf7+EBuw8= ivan@kubang",
            "tags": {},
            "tags_all": {}
          },
          "sensitive_attributes": [],
          "private": "eyJzY2hlbWFfdmVyc2lvbiI6IjEifQ=="
        }
      ]
    },
    {
      "mode": "managed",
      "type": "aws_key_pair",
      "name": "vm2-key",
      "provider": "provider[\"registry.terraform.io/hashicorp/aws\"]",
      "instances": [
        {
          "schema_version": 1,
          "attributes": {
            "arn": "arn:aws:ec2:us-east-2:536867559799:key-pair/vm2-key",
            "fingerprint": "a6:f4:24:6a:42:41:27:25:83:da:9b:9a:f8:1a:80:23",
            "id": "vm2-key",
            "key_name": "vm2-key",
            "key_name_prefix": null,
            "key_pair_id": "key-013d5ae85320c6d00",
            "public_key": "ssh-rsa AAAAB3NzaC1yc2EAAAADAQABAAABgQDU5MwXeSg9jNjedo/aOhFMkkqZD4TZiVsh9lZZdYlIY+SWUeojv3PYAwtDtlolEVRfiDDKE6CHT8TtdwjW+e6ZkSABsLcOa8eYKQ+JxWa3UnvPwOjMLmvtl7gxlwyKHVA6yCUj/ZKJjjMGI3mAVszbZwgFzULd/ybREmtqzdKejACIo1u99tY1aanosveNCK4S4A+sPR29ZPjdjkAqyvNlAxUAagDMDCUC47s6h0FG/+IaMRXjXR5omcaFWLRLYdCKF/r4TiAdDNgmFvyjeVMbaohOMZJTFZuhIh4i7onfS4BvaUruAna0tIkgQcPkvNcNvUNtcDmCxiUNcg2FfyB2J4CX7WFMfC0bMW98TOx7JWc5mg5gFScxE56bu91tzwvmoFCvnsRDYMzEy4PhwOr0Bo3KkZRIs9FShJb+ChxH6asuvsOQizthdJc3U7BUdBDAqMcqNdcqZH9hMeu+Sp4rYUBXsIGvPHqNvyxPFfDwrTHjkQcv+rk1fbRGmnmKAhs= ivan@kubang",
            "tags": {},
            "tags_all": {}
          },
          "sensitive_attributes": [],
          "private": "eyJzY2hlbWFfdmVyc2lvbiI6IjEifQ=="
        }
      ]
    },
    {
      "mode": "managed",
      "type": "aws_nat_gateway",
      "name": "netology-nat-gw",
      "provider": "provider[\"registry.terraform.io/hashicorp/aws\"]",
      "instances": [
        {
          "schema_version": 0,
          "attributes": {
            "allocation_id": "eipalloc-0a227c4f518ea2202",
            "connectivity_type": "public",
            "id": "nat-08012e8e167c20291",
            "network_interface_id": "eni-00a3a52beb2cf2060",
            "private_ip": "172.31.55.21",
            "public_ip": "3.130.5.61",
            "subnet_id": "subnet-0fc61aa6ea24b90c3",
            "tags": {
              "Name": "netology-nat-gw"
            },
            "tags_all": {
              "Name": "netology-nat-gw"
            }
          },
          "sensitive_attributes": [],
          "private": "bnVsbA==",
          "dependencies": [
            "aws_subnet.public",
            "aws_vpc.netology-vpc",
            "aws_eip.nat_gateway"
          ]
        }
      ]
    },
    {
      "mode": "managed",
      "type": "aws_route_table",
      "name": "private-route",
      "provider": "provider[\"registry.terraform.io/hashicorp/aws\"]",
      "instances": [
        {
          "schema_version": 0,
          "attributes": {
            "arn": "arn:aws:ec2:us-east-2:536867559799:route-table/rtb-0bd16a85d46c4a785",
            "id": "rtb-0bd16a85d46c4a785",
            "owner_id": "536867559799",
            "propagating_vgws": [],
            "route": [
              {
                "carrier_gateway_id": "",
                "cidr_block": "0.0.0.0/0",
                "destination_prefix_list_id": "",
                "egress_only_gateway_id": "",
                "gateway_id": "nat-08012e8e167c20291",
                "instance_id": "",
                "ipv6_cidr_block": "",
                "local_gateway_id": "",
                "nat_gateway_id": "",
                "network_interface_id": "",
                "transit_gateway_id": "",
                "vpc_endpoint_id": "",
                "vpc_peering_connection_id": ""
              }
            ],
            "tags": {
              "Name": "private-route"
            },
            "tags_all": {
              "Name": "private-route"
            },
            "vpc_id": "vpc-0eb86a18e15b9054a"
          },
          "sensitive_attributes": [],
          "private": "bnVsbA==",
          "dependencies": [
            "aws_nat_gateway.netology-nat-gw",
            "aws_vpc.netology-vpc"
          ]
        }
      ]
    },
    {
      "mode": "managed",
      "type": "aws_route_table",
      "name": "public-route",
      "provider": "provider[\"registry.terraform.io/hashicorp/aws\"]",
      "instances": [
        {
          "schema_version": 0,
          "attributes": {
            "arn": "arn:aws:ec2:us-east-2:536867559799:route-table/rtb-023b1902ebc5a0bed",
            "id": "rtb-023b1902ebc5a0bed",
            "owner_id": "536867559799",
            "propagating_vgws": [],
            "route": [
              {
                "carrier_gateway_id": "",
                "cidr_block": "0.0.0.0/0",
                "destination_prefix_list_id": "",
                "egress_only_gateway_id": "",
                "gateway_id": "igw-0af7378c85a2743f4",
                "instance_id": "",
                "ipv6_cidr_block": "",
                "local_gateway_id": "",
                "nat_gateway_id": "",
                "network_interface_id": "",
                "transit_gateway_id": "",
                "vpc_endpoint_id": "",
                "vpc_peering_connection_id": ""
              }
            ],
            "tags": {
              "Name": "public-route"
            },
            "tags_all": {
              "Name": "public-route"
            },
            "vpc_id": "vpc-0eb86a18e15b9054a"
          },
          "sensitive_attributes": [],
          "private": "bnVsbA==",
          "dependencies": [
            "aws_internet_gateway.netology-gw",
            "aws_vpc.netology-vpc"
          ]
        }
      ]
    },
    {
      "mode": "managed",
      "type": "aws_route_table_association",
      "name": "netology-rtassoc1",
      "provider": "provider[\"registry.terraform.io/hashicorp/aws\"]",
      "instances": [
        {
          "schema_version": 0,
          "attributes": {
            "gateway_id": "",
            "id": "rtbassoc-0a522d4b2f95d236c",
            "route_table_id": "rtb-023b1902ebc5a0bed",
            "subnet_id": "subnet-0fc61aa6ea24b90c3"
          },
          "sensitive_attributes": [],
          "private": "bnVsbA==",
          "dependencies": [
            "aws_route_table.public-route",
            "aws_subnet.public",
            "aws_vpc.netology-vpc",
            "aws_internet_gateway.netology-gw"
          ]
        }
      ]
    },
    {
      "mode": "managed",
      "type": "aws_route_table_association",
      "name": "netology-rtassoc2",
      "provider": "provider[\"registry.terraform.io/hashicorp/aws\"]",
      "instances": [
        {
          "schema_version": 0,
          "attributes": {
            "gateway_id": "",
            "id": "rtbassoc-00d3a64049b0bf10c",
            "route_table_id": "rtb-0bd16a85d46c4a785",
            "subnet_id": "subnet-0a493637a5f2bd1a5"
          },
          "sensitive_attributes": [],
          "private": "bnVsbA==",
          "dependencies": [
            "aws_subnet.public",
            "aws_vpc.netology-vpc",
            "aws_eip.nat_gateway",
            "aws_nat_gateway.netology-nat-gw",
            "aws_route_table.private-route",
            "aws_subnet.private"
          ]
        }
      ]
    },
    {
      "mode": "managed",
      "type": "aws_security_group",
      "name": "netology-sg",
      "provider": "provider[\"registry.terraform.io/hashicorp/aws\"]",
      "instances": [
        {
          "schema_version": 1,
          "attributes": {
            "arn": "arn:aws:ec2:us-east-2:536867559799:security-group/sg-0a0b15d9f06f10bde",
            "description": "Managed by Terraform",
            "egress": [
              {
                "cidr_blocks": [
                  "0.0.0.0/0"
                ],
                "description": "",
                "from_port": 0,
                "ipv6_cidr_blocks": [],
                "prefix_list_ids": [],
                "protocol": "-1",
                "security_groups": [],
                "self": false,
                "to_port": 0
              }
            ],
            "id": "sg-0a0b15d9f06f10bde",
            "ingress": [
              {
                "cidr_blocks": [
                  "0.0.0.0/0"
                ],
                "description": "",
                "from_port": -1,
                "ipv6_cidr_blocks": [],
                "prefix_list_ids": [],
                "protocol": "icmp",
                "security_groups": [],
                "self": false,
                "to_port": -1
              },
              {
                "cidr_blocks": [
                  "0.0.0.0/0"
                ],
                "description": "",
                "from_port": 22,
                "ipv6_cidr_blocks": [],
                "prefix_list_ids": [],
                "protocol": "tcp",
                "security_groups": [],
                "self": false,
                "to_port": 22
              }
            ],
            "name": "netology-sg",
            "name_prefix": "",
            "owner_id": "536867559799",
            "revoke_rules_on_delete": false,
            "tags": {},
            "tags_all": {},
            "timeouts": null,
            "vpc_id": "vpc-0eb86a18e15b9054a"
          },
          "sensitive_attributes": [],
          "private": "eyJlMmJmYjczMC1lY2FhLTExZTYtOGY4OC0zNDM2M2JjN2M0YzAiOnsiY3JlYXRlIjo2MDAwMDAwMDAwMDAsImRlbGV0ZSI6OTAwMDAwMDAwMDAwfSwic2NoZW1hX3ZlcnNpb24iOiIxIn0=",
          "dependencies": [
            "aws_vpc.netology-vpc"
          ]
        }
      ]
    },
    {
      "mode": "managed",
      "type": "aws_security_group",
      "name": "vpn_access",
      "provider": "provider[\"registry.terraform.io/hashicorp/aws\"]",
      "instances": [
        {
          "schema_version": 1,
          "attributes": {
            "arn": "arn:aws:ec2:us-east-2:536867559799:security-group/sg-0eaaacc4fed3892e7",
            "description": "Managed by Terraform",
            "egress": [
              {
                "cidr_blocks": [
                  "0.0.0.0/0"
                ],
                "description": "",
                "from_port": 0,
                "ipv6_cidr_blocks": [],
                "prefix_list_ids": [],
                "protocol": "-1",
                "security_groups": [],
                "self": false,
                "to_port": 0
              }
            ],
            "id": "sg-0eaaacc4fed3892e7",
            "ingress": [
              {
                "cidr_blocks": [
                  "0.0.0.0/0"
                ],
                "description": "Incoming VPN connection",
                "from_port": 443,
                "ipv6_cidr_blocks": [],
                "prefix_list_ids": [],
                "protocol": "udp",
                "security_groups": [],
                "self": false,
                "to_port": 443
              }
            ],
            "name": "vpn-netology-sg",
            "name_prefix": "",
            "owner_id": "536867559799",
            "revoke_rules_on_delete": false,
            "tags": {},
            "tags_all": {},
            "timeouts": null,
            "vpc_id": "vpc-0eb86a18e15b9054a"
          },
          "sensitive_attributes": [],
          "private": "eyJlMmJmYjczMC1lY2FhLTExZTYtOGY4OC0zNDM2M2JjN2M0YzAiOnsiY3JlYXRlIjo2MDAwMDAwMDAwMDAsImRlbGV0ZSI6OTAwMDAwMDAwMDAwfSwic2NoZW1hX3ZlcnNpb24iOiIxIn0=",
          "dependencies": [
            "aws_vpc.netology-vpc"
          ]
        }
      ]
    },
    {
      "mode": "managed",
      "type": "aws_security_group_rule",
      "name": "icmp",
      "provider": "provider[\"registry.terraform.io/hashicorp/aws\"]",
      "instances": [
        {
          "schema_version": 2,
          "attributes": {
            "cidr_blocks": [
              "0.0.0.0/0"
            ],
            "description": "",
            "from_port": -1,
            "id": "sgrule-1717861396",
            "ipv6_cidr_blocks": [],
            "prefix_list_ids": [],
            "protocol": "icmp",
            "security_group_id": "sg-0a0b15d9f06f10bde",
            "self": false,
            "source_security_group_id": null,
            "to_port": -1,
            "type": "ingress"
          },
          "sensitive_attributes": [],
          "private": "eyJzY2hlbWFfdmVyc2lvbiI6IjIifQ==",
          "dependencies": [
            "aws_security_group.netology-sg",
            "aws_vpc.netology-vpc"
          ]
        }
      ]
    },
    {
      "mode": "managed",
      "type": "aws_security_group_rule",
      "name": "ssh",
      "provider": "provider[\"registry.terraform.io/hashicorp/aws\"]",
      "instances": [
        {
          "schema_version": 2,
          "attributes": {
            "cidr_blocks": [
              "0.0.0.0/0"
            ],
            "description": "",
            "from_port": 22,
            "id": "sgrule-785849744",
            "ipv6_cidr_blocks": [],
            "prefix_list_ids": [],
            "protocol": "tcp",
            "security_group_id": "sg-0a0b15d9f06f10bde",
            "self": false,
            "source_security_group_id": null,
            "to_port": 22,
            "type": "ingress"
          },
          "sensitive_attributes": [],
          "private": "eyJzY2hlbWFfdmVyc2lvbiI6IjIifQ==",
          "dependencies": [
            "aws_vpc.netology-vpc",
            "aws_security_group.netology-sg"
          ]
        }
      ]
    },
    {
      "mode": "managed",
      "type": "aws_subnet",
      "name": "private",
      "provider": "provider[\"registry.terraform.io/hashicorp/aws\"]",
      "instances": [
        {
          "schema_version": 1,
          "attributes": {
            "arn": "arn:aws:ec2:us-east-2:536867559799:subnet/subnet-0a493637a5f2bd1a5",
            "assign_ipv6_address_on_creation": false,
            "availability_zone": "us-east-2c",
            "availability_zone_id": "use2-az3",
            "cidr_block": "172.31.64.0/19",
            "customer_owned_ipv4_pool": "",
            "id": "subnet-0a493637a5f2bd1a5",
            "ipv6_cidr_block": "",
            "ipv6_cidr_block_association_id": "",
            "map_customer_owned_ip_on_launch": false,
            "map_public_ip_on_launch": false,
            "outpost_arn": "",
            "owner_id": "536867559799",
            "tags": {
              "Name": "private"
            },
            "tags_all": {
              "Name": "private"
            },
            "timeouts": null,
            "vpc_id": "vpc-0eb86a18e15b9054a"
          },
          "sensitive_attributes": [],
          "private": "eyJlMmJmYjczMC1lY2FhLTExZTYtOGY4OC0zNDM2M2JjN2M0YzAiOnsiY3JlYXRlIjo2MDAwMDAwMDAwMDAsImRlbGV0ZSI6MTIwMDAwMDAwMDAwMH0sInNjaGVtYV92ZXJzaW9uIjoiMSJ9",
          "dependencies": [
            "aws_vpc.netology-vpc"
          ]
        }
      ]
    },
    {
      "mode": "managed",
      "type": "aws_subnet",
      "name": "public",
      "provider": "provider[\"registry.terraform.io/hashicorp/aws\"]",
      "instances": [
        {
          "schema_version": 1,
          "attributes": {
            "arn": "arn:aws:ec2:us-east-2:536867559799:subnet/subnet-0fc61aa6ea24b90c3",
            "assign_ipv6_address_on_creation": false,
            "availability_zone": "us-east-2c",
            "availability_zone_id": "use2-az3",
            "cidr_block": "172.31.32.0/19",
            "customer_owned_ipv4_pool": "",
            "id": "subnet-0fc61aa6ea24b90c3",
            "ipv6_cidr_block": "",
            "ipv6_cidr_block_association_id": "",
            "map_customer_owned_ip_on_launch": false,
            "map_public_ip_on_launch": true,
            "outpost_arn": "",
            "owner_id": "536867559799",
            "tags": {
              "Name": "public"
            },
            "tags_all": {
              "Name": "public"
            },
            "timeouts": null,
            "vpc_id": "vpc-0eb86a18e15b9054a"
          },
          "sensitive_attributes": [],
          "private": "eyJlMmJmYjczMC1lY2FhLTExZTYtOGY4OC0zNDM2M2JjN2M0YzAiOnsiY3JlYXRlIjo2MDAwMDAwMDAwMDAsImRlbGV0ZSI6MTIwMDAwMDAwMDAwMH0sInNjaGVtYV92ZXJzaW9uIjoiMSJ9",
          "dependencies": [
            "aws_vpc.netology-vpc"
          ]
        }
      ]
    },
    {
      "mode": "managed",
      "type": "aws_vpc",
      "name": "netology-vpc",
      "provider": "provider[\"registry.terraform.io/hashicorp/aws\"]",
      "instances": [
        {
          "schema_version": 1,
          "attributes": {
            "arn": "arn:aws:ec2:us-east-2:536867559799:vpc/vpc-0eb86a18e15b9054a",
            "assign_generated_ipv6_cidr_block": false,
            "cidr_block": "172.31.0.0/16",
            "default_network_acl_id": "acl-09ea6a3eefcb2f7f3",
            "default_route_table_id": "rtb-0c3bbb946a10932d0",
            "default_security_group_id": "sg-03a18514627388dc4",
            "dhcp_options_id": "dopt-c1fa6baa",
            "enable_classiclink": null,
            "enable_classiclink_dns_support": null,
            "enable_dns_hostnames": false,
            "enable_dns_support": true,
            "id": "vpc-0eb86a18e15b9054a",
            "instance_tenancy": "default",
            "ipv6_association_id": "",
            "ipv6_cidr_block": "",
            "main_route_table_id": "rtb-0c3bbb946a10932d0",
            "owner_id": "536867559799",
            "tags": {
              "Name": "netology-vpc"
            },
            "tags_all": {
              "Name": "netology-vpc"
            }
          },
          "sensitive_attributes": [],
          "private": "eyJzY2hlbWFfdmVyc2lvbiI6IjEifQ=="
        }
      ]
    }
  ]
}
